
Microsoft Visual Studio Solution File, Format Version 12.00
# Visual Studio 15
VisualStudioVersion = 15.0.27703.2026
MinimumVisualStudioVersion = 10.0.40219.1
Project("{FAE04EC0-301F-11D3-BF4B-00C04F79EFBC}") = "ProjetoFinal", "ProjetoFinal\ProjetoFinal.csproj", "{45ED9369-CCA0-4F29-98E7-D1580D278FDA}"
EndProject
Project("{FAE04EC0-301F-11D3-BF4B-00C04F79EFBC}") = "ProjetoFinalDAL", "ProjetoFinalDAL\ProjetoFinalDAL.csproj", "{BD29EF3E-0927-44B7-BCCB-ADD1CF4AEC4A}"
EndProject
Global
	GlobalSection(SolutionConfigurationPlatforms) = preSolution
		Debug|Any CPU = Debug|Any CPU
		Debug|ARM = Debug|ARM
		Debug|x64 = Debug|x64
		Debug|x86 = Debug|x86
		Release|Any CPU = Release|Any CPU
		Release|ARM = Release|ARM
		Release|x64 = Release|x64
		Release|x86 = Release|x86
	EndGlobalSection
	GlobalSection(ProjectConfigurationPlatforms) = postSolution
		{45ED9369-CCA0-4F29-98E7-D1580D278FDA}.Debug|Any CPU.ActiveCfg = Debug|Any CPU
		{45ED9369-CCA0-4F29-98E7-D1580D278FDA}.Debug|Any CPU.Build.0 = Debug|Any CPU
		{45ED9369-CCA0-4F29-98E7-D1580D278FDA}.Debug|ARM.ActiveCfg = Debug|Any CPU
		{45ED9369-CCA0-4F29-98E7-D1580D278FDA}.Debug|ARM.Build.0 = Debug|Any CPU
		{45ED9369-CCA0-4F29-98E7-D1580D278FDA}.Debug|x64.ActiveCfg = Debug|Any CPU
		{45ED9369-CCA0-4F29-98E7-D1580D278FDA}.Debug|x64.Build.0 = Debug|Any CPU
		{45ED9369-CCA0-4F29-98E7-D1580D278FDA}.Debug|x86.ActiveCfg = Debug|Any CPU
		{45ED9369-CCA0-4F29-98E7-D1580D278FDA}.Debug|x86.Build.0 = Debug|Any CPU
		{45ED9369-CCA0-4F29-98E7-D1580D278FDA}.Release|Any CPU.ActiveCfg = Release|Any CPU
		{45ED9369-CCA0-4F29-98E7-D1580D278FDA}.Release|Any CPU.Build.0 = Release|Any CPU
		{45ED9369-CCA0-4F29-98E7-D1580D278FDA}.Release|ARM.ActiveCfg = Release|Any CPU
		{45ED9369-CCA0-4F29-98E7-D1580D278FDA}.Release|ARM.Build.0 = Release|Any CPU
		{45ED9369-CCA0-4F29-98E7-D1580D278FDA}.Release|x64.ActiveCfg = Release|Any CPU
		{45ED9369-CCA0-4F29-98E7-D1580D278FDA}.Release|x64.Build.0 = Release|Any CPU
		{45ED9369-CCA0-4F29-98E7-D1580D278FDA}.Release|x86.ActiveCfg = Release|Any CPU
		{45ED9369-CCA0-4F29-98E7-D1580D278FDA}.Release|x86.Build.0 = Release|Any CPU
		{BD29EF3E-0927-44B7-BCCB-ADD1CF4AEC4A}.Debug|Any CPU.ActiveCfg = Debug|Any CPU
		{BD29EF3E-0927-44B7-BCCB-ADD1CF4AEC4A}.Debug|Any CPU.Build.0 = Debug|Any CPU
		{BD29EF3E-0927-44B7-BCCB-ADD1CF4AEC4A}.Debug|ARM.ActiveCfg = Debug|Any CPU
		{BD29EF3E-0927-44B7-BCCB-ADD1CF4AEC4A}.Debug|ARM.Build.0 = Debug|Any CPU
		{BD29EF3E-0927-44B7-BCCB-ADD1CF4AEC4A}.Debug|x64.ActiveCfg = Debug|Any CPU
		{BD29EF3E-0927-44B7-BCCB-ADD1CF4AEC4A}.Debug|x64.Build.0 = Debug|Any CPU
		{BD29EF3E-0927-44B7-BCCB-ADD1CF4AEC4A}.Debug|x86.ActiveCfg = Debug|Any CPU
		{BD29EF3E-0927-44B7-BCCB-ADD1CF4AEC4A}.Debug|x86.Build.0 = Debug|Any CPU
		{BD29EF3E-0927-44B7-BCCB-ADD1CF4AEC4A}.Release|Any CPU.ActiveCfg = Release|Any CPU
		{BD29EF3E-0927-44B7-BCCB-ADD1CF4AEC4A}.Release|Any CPU.Build.0 = Release|Any CPU
		{BD29EF3E-0927-44B7-BCCB-ADD1CF4AEC4A}.Release|ARM.ActiveCfg = Release|Any CPU
		{BD29EF3E-0927-44B7-BCCB-ADD1CF4AEC4A}.Release|ARM.Build.0 = Release|Any CPU
		{BD29EF3E-0927-44B7-BCCB-ADD1CF4AEC4A}.Release|x64.ActiveCfg = Release|Any CPU
		{BD29EF3E-0927-44B7-BCCB-ADD1CF4AEC4A}.Release|x64.Build.0 = Release|Any CPU
		{BD29EF3E-0927-44B7-BCCB-ADD1CF4AEC4A}.Release|x86.ActiveCfg = Release|Any CPU
		{BD29EF3E-0927-44B7-BCCB-ADD1CF4AEC4A}.Release|x86.Build.0 = Release|Any CPU
	EndGlobalSection
	GlobalSection(SolutionProperties) = preSolution
		HideSolutionNode = FALSE
	EndGlobalSection
	GlobalSection(ExtensibilityGlobals) = postSolution
		SolutionGuid = {E9B429EC-FC13-4A5D-B12F-79A63CA07CD6}
	EndGlobalSection
EndGlobal
